# This file is automatically @generated by Cargo.
# It is not intended for manual editing.
version = 3

[[package]]
name = "compiler_builtins"
version = "0.1.40"
source = "registry+https://github.com/rust-lang/crates.io-index"
checksum = "288a0d48b8155926ebb4552bdde3fa32744ce424c5de0a26ddbc68369aeb7172"

[[package]]
name = "echidna"
version = "0.1.0"
dependencies = [
 "compiler_builtins",
]
