# This file is automatically @generated by Cargo.
# It is not intended for manual editing.
version = 3

[[package]]
name = "bitflags"
version = "1.2.1"
source = "registry+https://github.com/rust-lang/crates.io-index"
checksum = "cf1de2fe8c75bc145a2f577add951f8134889b4795d47466a54a5c846d691693"

[[package]]
name = "bitvec"
version = "0.21.2"
source = "registry+https://github.com/rust-lang/crates.io-index"
checksum = "470fbd40e959c961f16841fbf96edbbdcff766ead89a1ae2b53d22852be20998"
dependencies = [
 "funty",
 "radium",
 "tap",
 "wyz",
]

[[package]]
name = "compiler_builtins"
version = "0.1.40"
source = "registry+https://github.com/rust-lang/crates.io-index"
checksum = "288a0d48b8155926ebb4552bdde3fa32744ce424c5de0a26ddbc68369aeb7172"

[[package]]
name = "darling"
version = "0.11.0"
source = "registry+https://github.com/rust-lang/crates.io-index"
checksum = "dbffa8f8e38810422f320ca457a93cf1cd0056dc9c06c556b867558e0d471463"
dependencies = [
 "darling_core",
 "darling_macro",
]

[[package]]
name = "darling_core"
version = "0.11.0"
source = "registry+https://github.com/rust-lang/crates.io-index"
checksum = "06e172685d94b7b83800e3256a63261537b9d6129e10f21c8e13ddf9dba8c64d"
dependencies = [
 "fnv",
 "ident_case",
 "proc-macro2",
 "quote",
 "strsim",
 "syn",
]

[[package]]
name = "darling_macro"
version = "0.11.0"
source = "registry+https://github.com/rust-lang/crates.io-index"
checksum = "f0618ac802792cebd1918ac6042a6ea1eeab92db34b35656afaa577929820788"
dependencies = [
 "darling_core",
 "quote",
 "syn",
]

[[package]]
name = "deku"
version = "0.11.0"
source = "registry+https://github.com/rust-lang/crates.io-index"
checksum = "06ee7a155a215e6b2928a6e42a78fbb4c9bd84796b224f325098aee1cddc3c43"
dependencies = [
 "bitvec",
 "deku_derive",
]

[[package]]
name = "deku_derive"
version = "0.11.0"
source = "registry+https://github.com/rust-lang/crates.io-index"
checksum = "908f2e641433255269f274556600d8a87002fd1735ac22c1f110f2a5c76c417d"
dependencies = [
 "darling",
 "proc-macro2",
 "quote",
 "syn",
]

[[package]]
name = "derivative"
version = "2.2.0"
source = "registry+https://github.com/rust-lang/crates.io-index"
checksum = "fcc3dd5e9e9c0b295d6e1e4d811fb6f157d5ffd784b8d202fc62eac8035a770b"
dependencies = [
 "proc-macro2",
 "quote",
 "syn",
]

[[package]]
name = "displaydoc"
version = "0.2.1"
source = "registry+https://github.com/rust-lang/crates.io-index"
checksum = "3274a6bc8a6a4521291b53b9dcb8345e963fe931c3fc462a7d3ead71d7ccd30d"
dependencies = [
 "proc-macro2",
 "quote",
 "syn",
]

[[package]]
name = "encore"
version = "0.1.0"
dependencies = [
 "bitflags",
 "compiler_builtins",
 "displaydoc",
 "linked_list_allocator",
 "rlibc",
]

[[package]]
name = "fnv"
version = "1.0.7"
source = "registry+https://github.com/rust-lang/crates.io-index"
checksum = "3f9eec918d3f24069decb9af1554cad7c880e2da24a9afd88aca000531ab82c1"

[[package]]
name = "funty"
version = "1.2.0"
source = "registry+https://github.com/rust-lang/crates.io-index"
checksum = "1847abb9cb65d566acd5942e94aea9c8f547ad02c98e1649326fc0e8910b8b1e"

[[package]]
name = "ident_case"
version = "1.0.1"
source = "registry+https://github.com/rust-lang/crates.io-index"
checksum = "b9e0384b61958566e926dc50660321d12159025e767c18e043daf26b70104c39"

[[package]]
name = "linked_list_allocator"
version = "0.8.11"
source = "registry+https://github.com/rust-lang/crates.io-index"
checksum = "822add9edb1860698b79522510da17bef885171f75aa395cff099d770c609c24"
dependencies = [
 "spinning_top",
]

[[package]]
name = "lock_api"
version = "0.3.4"
source = "registry+https://github.com/rust-lang/crates.io-index"
checksum = "c4da24a77a3d8a6d4862d95f72e6fdb9c09a643ecdb402d754004a557f2bec75"
dependencies = [
 "scopeguard",
]

[[package]]
name = "lz4_flex"
version = "0.7.5"
source = "registry+https://github.com/rust-lang/crates.io-index"
checksum = "05304f8e67dfc93d1b4b990137fd1a7a4c6ad44b60a9c486c8c4486f9d2027ae"

[[package]]
name = "minipak"
version = "0.1.0"
dependencies = [
 "encore",
 "lz4_flex",
 "pixie",
]

[[package]]
name = "pixie"
version = "0.1.0"
dependencies = [
 "deku",
 "derivative",
 "displaydoc",
 "encore",
]

[[package]]
name = "proc-macro2"
version = "1.0.26"
source = "registry+https://github.com/rust-lang/crates.io-index"
checksum = "a152013215dca273577e18d2bf00fa862b89b24169fb78c4c95aeb07992c9cec"
dependencies = [
 "unicode-xid",
]

[[package]]
name = "quote"
version = "1.0.9"
source = "registry+https://github.com/rust-lang/crates.io-index"
checksum = "c3d0b9745dc2debf507c8422de05d7226cc1f0644216dfdfead988f9b1ab32a7"
dependencies = [
 "proc-macro2",
]

[[package]]
name = "radium"
version = "0.6.2"
source = "registry+https://github.com/rust-lang/crates.io-index"
checksum = "643f8f41a8ebc4c5dc4515c82bb8abd397b527fc20fd681b7c011c2aee5d44fb"

[[package]]
name = "rlibc"
version = "1.0.0"
source = "registry+https://github.com/rust-lang/crates.io-index"
checksum = "fc874b127765f014d792f16763a81245ab80500e2ad921ed4ee9e82481ee08fe"

[[package]]
name = "scopeguard"
version = "1.1.0"
source = "registry+https://github.com/rust-lang/crates.io-index"
checksum = "d29ab0c6d3fc0ee92fe66e2d99f700eab17a8d57d1c1d3b748380fb20baa78cd"

[[package]]
name = "spinning_top"
version = "0.1.1"
source = "registry+https://github.com/rust-lang/crates.io-index"
checksum = "047031d6df5f5ae0092c97aa4f6bb04cfc9c081b4cd4cb9cdb38657994279a00"
dependencies = [
 "lock_api",
]

[[package]]
name = "stage1"
version = "0.1.0"
dependencies = [
 "encore",
 "lz4_flex",
 "pixie",
]

[[package]]
name = "strsim"
version = "0.10.0"
source = "registry+https://github.com/rust-lang/crates.io-index"
checksum = "73473c0e59e6d5812c5dfe2a064a6444949f089e20eec9a2e5506596494e4623"

[[package]]
name = "syn"
version = "1.0.69"
source = "registry+https://github.com/rust-lang/crates.io-index"
checksum = "48fe99c6bd8b1cc636890bcc071842de909d902c81ac7dab53ba33c421ab8ffb"
dependencies = [
 "proc-macro2",
 "quote",
 "unicode-xid",
]

[[package]]
name = "tap"
version = "1.0.1"
source = "registry+https://github.com/rust-lang/crates.io-index"
checksum = "55937e1799185b12863d447f42597ed69d9928686b8d88a1df17376a097d8369"

[[package]]
name = "unicode-xid"
version = "0.2.1"
source = "registry+https://github.com/rust-lang/crates.io-index"
checksum = "f7fe0bb3479651439c9112f72b6c505038574c9fbb575ed1bf3b797fa39dd564"

[[package]]
name = "wyz"
version = "0.2.0"
source = "registry+https://github.com/rust-lang/crates.io-index"
checksum = "85e60b0d1b5f99db2556934e21937020776a5d31520bf169e851ac44e6420214"
